
Microsoft Visual Studio Solution File, Format Version 12.00
# Visual Studio Version 16
VisualStudioVersion = 16.0.30011.22
MinimumVisualStudioVersion = 10.0.40219.1
Project("{FAE04EC0-301F-11D3-BF4B-00C04F79EFBC}") = "DataTypes-CharStrlngboolTypes", "DataTypes-CharStrlngboolTypes.csproj", "{A9F18E42-4A84-4975-B18C-F97FD2F6D92E}"
EndProject
Global
	GlobalSection(SolutionConfigurationPlatforms) = preSolution
		Debug|Any CPU = Debug|Any CPU
		Release|Any CPU = Release|Any CPU
	EndGlobalSection
	GlobalSection(ProjectConfigurationPlatforms) = postSolution
		{A9F18E42-4A84-4975-B18C-F97FD2F6D92E}.Debug|Any CPU.ActiveCfg = Debug|Any CPU
		{A9F18E42-4A84-4975-B18C-F97FD2F6D92E}.Debug|Any CPU.Build.0 = Debug|Any CPU
		{A9F18E42-4A84-4975-B18C-F97FD2F6D92E}.Release|Any CPU.ActiveCfg = Release|Any CPU
		{A9F18E42-4A84-4975-B18C-F97FD2F6D92E}.Release|Any CPU.Build.0 = Release|Any CPU
	EndGlobalSection
	GlobalSection(SolutionProperties) = preSolution
		HideSolutionNode = FALSE
	EndGlobalSection
	GlobalSection(ExtensibilityGlobals) = postSolution
		SolutionGuid = {BB645D04-30E6-475A-82D8-863941926D86}
	EndGlobalSection
EndGlobal
