
Microsoft Visual Studio Solution File, Format Version 12.00
# Visual Studio Version 16
VisualStudioVersion = 16.0.30011.22
MinimumVisualStudioVersion = 10.0.40219.1
Project("{FAE04EC0-301F-11D3-BF4B-00C04F79EFBC}") = "Literal_Characters", "Literal_Characters.csproj", "{DBA0364C-8A82-4FAD-A276-E92F1827AC49}"
EndProject
Global
	GlobalSection(SolutionConfigurationPlatforms) = preSolution
		Debug|Any CPU = Debug|Any CPU
		Release|Any CPU = Release|Any CPU
	EndGlobalSection
	GlobalSection(ProjectConfigurationPlatforms) = postSolution
		{DBA0364C-8A82-4FAD-A276-E92F1827AC49}.Debug|Any CPU.ActiveCfg = Debug|Any CPU
		{DBA0364C-8A82-4FAD-A276-E92F1827AC49}.Debug|Any CPU.Build.0 = Debug|Any CPU
		{DBA0364C-8A82-4FAD-A276-E92F1827AC49}.Release|Any CPU.ActiveCfg = Release|Any CPU
		{DBA0364C-8A82-4FAD-A276-E92F1827AC49}.Release|Any CPU.Build.0 = Release|Any CPU
	EndGlobalSection
	GlobalSection(SolutionProperties) = preSolution
		HideSolutionNode = FALSE
	EndGlobalSection
	GlobalSection(ExtensibilityGlobals) = postSolution
		SolutionGuid = {976A5D18-47AB-4516-811F-C6B2E19F67B5}
	EndGlobalSection
EndGlobal
